{
  "name": "forage-jpmc-swe-task-1",
  "lockfileVersion": 3,
  "requires": true,
  "packages": {
    "": {
      "dependencies": {
        "python-dateutil": "^0.0.1"
      }
    },
    "node_modules/python-dateutil": {
      "version": "0.0.1",
      "resolved": "https://registry.npmjs.org/python-dateutil/-/python-dateutil-0.0.1.tgz",
      "integrity": "sha512-08SCbZUaueiaDSg+O3SfrrbYoMT5z0Kd54U+9JRMycGSnH9m9Tu/zZ/s7bjsJUwH3CQ9j7srd0kT0vwjQTvjwg=="
    }
  }
}
